
Microsoft Visual Studio Solution File, Format Version 12.00
# Visual Studio Version 16
VisualStudioVersion = 16.0.31105.61
MinimumVisualStudioVersion = 10.0.40219.1
Project("{8BC9CEB8-8B4A-11D0-8D11-00A0C91BC942}") = "chap_00", "chap_00\chap.vcxproj", "{2486617E-6F55-496C-ACAF-3B5265DB10A8}"
EndProject
Project("{8BC9CEB8-8B4A-11D0-8D11-00A0C91BC942}") = "chap_01", "chap_01\chap_01.vcxproj", "{44798BB5-48AB-47EF-8A97-E19272DE0CFC}"
EndProject
Project("{8BC9CEB8-8B4A-11D0-8D11-00A0C91BC942}") = "chap_02", "chap_02\chap_02.vcxproj", "{FF86505B-23D5-42CA-8ACB-746B5F215E69}"
EndProject
Project("{8BC9CEB8-8B4A-11D0-8D11-00A0C91BC942}") = "chap_03", "chap_03\chap_03.vcxproj", "{88F23563-342A-43C2-9B76-B718A945CAC7}"
EndProject
Project("{8BC9CEB8-8B4A-11D0-8D11-00A0C91BC942}") = "chap_04", "chap_04\chap_04.vcxproj", "{59226C25-AB80-42A7-9360-63ABAAB0C2AD}"
EndProject
Project("{8BC9CEB8-8B4A-11D0-8D11-00A0C91BC942}") = "chap_05", "chap_05\chap_05.vcxproj", "{1AB4B90A-C786-4960-B96C-E74BD2C6BB26}"
EndProject
Project("{8BC9CEB8-8B4A-11D0-8D11-00A0C91BC942}") = "chap_06", "chap_06\chap_06.vcxproj", "{EA6D8F4B-0DD3-4628-9E3F-3FF8961EF671}"
EndProject
Project("{8BC9CEB8-8B4A-11D0-8D11-00A0C91BC942}") = "chap_07", "chap_07\chap_07.vcxproj", "{DB240161-78E9-4804-96D8-20EBFEDD807B}"
EndProject
Global
	GlobalSection(SolutionConfigurationPlatforms) = preSolution
		Debug|Win32 = Debug|Win32
		Debug|x64 = Debug|x64
		Release|Win32 = Release|Win32
		Release|x64 = Release|x64
	EndGlobalSection
	GlobalSection(ProjectConfigurationPlatforms) = postSolution
		{2486617E-6F55-496C-ACAF-3B5265DB10A8}.Debug|Win32.ActiveCfg = Debug|Win32
		{2486617E-6F55-496C-ACAF-3B5265DB10A8}.Debug|Win32.Build.0 = Debug|Win32
		{2486617E-6F55-496C-ACAF-3B5265DB10A8}.Debug|x64.ActiveCfg = Debug|x64
		{2486617E-6F55-496C-ACAF-3B5265DB10A8}.Debug|x64.Build.0 = Debug|x64
		{2486617E-6F55-496C-ACAF-3B5265DB10A8}.Release|Win32.ActiveCfg = Release|Win32
		{2486617E-6F55-496C-ACAF-3B5265DB10A8}.Release|Win32.Build.0 = Release|Win32
		{2486617E-6F55-496C-ACAF-3B5265DB10A8}.Release|x64.ActiveCfg = Release|x64
		{2486617E-6F55-496C-ACAF-3B5265DB10A8}.Release|x64.Build.0 = Release|x64
		{44798BB5-48AB-47EF-8A97-E19272DE0CFC}.Debug|Win32.ActiveCfg = Debug|Win32
		{44798BB5-48AB-47EF-8A97-E19272DE0CFC}.Debug|Win32.Build.0 = Debug|Win32
		{44798BB5-48AB-47EF-8A97-E19272DE0CFC}.Debug|x64.ActiveCfg = Debug|x64
		{44798BB5-48AB-47EF-8A97-E19272DE0CFC}.Debug|x64.Build.0 = Debug|x64
		{44798BB5-48AB-47EF-8A97-E19272DE0CFC}.Release|Win32.ActiveCfg = Release|Win32
		{44798BB5-48AB-47EF-8A97-E19272DE0CFC}.Release|Win32.Build.0 = Release|Win32
		{44798BB5-48AB-47EF-8A97-E19272DE0CFC}.Release|x64.ActiveCfg = Release|x64
		{44798BB5-48AB-47EF-8A97-E19272DE0CFC}.Release|x64.Build.0 = Release|x64
		{FF86505B-23D5-42CA-8ACB-746B5F215E69}.Debug|Win32.ActiveCfg = Debug|Win32
		{FF86505B-23D5-42CA-8ACB-746B5F215E69}.Debug|Win32.Build.0 = Debug|Win32
		{FF86505B-23D5-42CA-8ACB-746B5F215E69}.Debug|x64.ActiveCfg = Debug|x64
		{FF86505B-23D5-42CA-8ACB-746B5F215E69}.Debug|x64.Build.0 = Debug|x64
		{FF86505B-23D5-42CA-8ACB-746B5F215E69}.Release|Win32.ActiveCfg = Release|Win32
		{FF86505B-23D5-42CA-8ACB-746B5F215E69}.Release|Win32.Build.0 = Release|Win32
		{FF86505B-23D5-42CA-8ACB-746B5F215E69}.Release|x64.ActiveCfg = Release|x64
		{FF86505B-23D5-42CA-8ACB-746B5F215E69}.Release|x64.Build.0 = Release|x64
		{88F23563-342A-43C2-9B76-B718A945CAC7}.Debug|Win32.ActiveCfg = Debug|Win32
		{88F23563-342A-43C2-9B76-B718A945CAC7}.Debug|Win32.Build.0 = Debug|Win32
		{88F23563-342A-43C2-9B76-B718A945CAC7}.Debug|x64.ActiveCfg = Debug|x64
		{88F23563-342A-43C2-9B76-B718A945CAC7}.Debug|x64.Build.0 = Debug|x64
		{88F23563-342A-43C2-9B76-B718A945CAC7}.Release|Win32.ActiveCfg = Release|Win32
		{88F23563-342A-43C2-9B76-B718A945CAC7}.Release|Win32.Build.0 = Release|Win32
		{88F23563-342A-43C2-9B76-B718A945CAC7}.Release|x64.ActiveCfg = Release|x64
		{88F23563-342A-43C2-9B76-B718A945CAC7}.Release|x64.Build.0 = Release|x64
		{59226C25-AB80-42A7-9360-63ABAAB0C2AD}.Debug|Win32.ActiveCfg = Debug|Win32
		{59226C25-AB80-42A7-9360-63ABAAB0C2AD}.Debug|Win32.Build.0 = Debug|Win32
		{59226C25-AB80-42A7-9360-63ABAAB0C2AD}.Debug|x64.ActiveCfg = Debug|x64
		{59226C25-AB80-42A7-9360-63ABAAB0C2AD}.Debug|x64.Build.0 = Debug|x64
		{59226C25-AB80-42A7-9360-63ABAAB0C2AD}.Release|Win32.ActiveCfg = Release|Win32
		{59226C25-AB80-42A7-9360-63ABAAB0C2AD}.Release|Win32.Build.0 = Release|Win32
		{59226C25-AB80-42A7-9360-63ABAAB0C2AD}.Release|x64.ActiveCfg = Release|x64
		{59226C25-AB80-42A7-9360-63ABAAB0C2AD}.Release|x64.Build.0 = Release|x64
		{1AB4B90A-C786-4960-B96C-E74BD2C6BB26}.Debug|Win32.ActiveCfg = Debug|Win32
		{1AB4B90A-C786-4960-B96C-E74BD2C6BB26}.Debug|Win32.Build.0 = Debug|Win32
		{1AB4B90A-C786-4960-B96C-E74BD2C6BB26}.Debug|x64.ActiveCfg = Debug|x64
		{1AB4B90A-C786-4960-B96C-E74BD2C6BB26}.Debug|x64.Build.0 = Debug|x64
		{1AB4B90A-C786-4960-B96C-E74BD2C6BB26}.Release|Win32.ActiveCfg = Release|Win32
		{1AB4B90A-C786-4960-B96C-E74BD2C6BB26}.Release|Win32.Build.0 = Release|Win32
		{1AB4B90A-C786-4960-B96C-E74BD2C6BB26}.Release|x64.ActiveCfg = Release|x64
		{1AB4B90A-C786-4960-B96C-E74BD2C6BB26}.Release|x64.Build.0 = Release|x64
		{EA6D8F4B-0DD3-4628-9E3F-3FF8961EF671}.Debug|Win32.ActiveCfg = Debug|Win32
		{EA6D8F4B-0DD3-4628-9E3F-3FF8961EF671}.Debug|Win32.Build.0 = Debug|Win32
		{EA6D8F4B-0DD3-4628-9E3F-3FF8961EF671}.Debug|x64.ActiveCfg = Debug|x64
		{EA6D8F4B-0DD3-4628-9E3F-3FF8961EF671}.Debug|x64.Build.0 = Debug|x64
		{EA6D8F4B-0DD3-4628-9E3F-3FF8961EF671}.Release|Win32.ActiveCfg = Release|Win32
		{EA6D8F4B-0DD3-4628-9E3F-3FF8961EF671}.Release|Win32.Build.0 = Release|Win32
		{EA6D8F4B-0DD3-4628-9E3F-3FF8961EF671}.Release|x64.ActiveCfg = Release|x64
		{EA6D8F4B-0DD3-4628-9E3F-3FF8961EF671}.Release|x64.Build.0 = Release|x64
		{DB240161-78E9-4804-96D8-20EBFEDD807B}.Debug|Win32.ActiveCfg = Debug|Win32
		{DB240161-78E9-4804-96D8-20EBFEDD807B}.Debug|Win32.Build.0 = Debug|Win32
		{DB240161-78E9-4804-96D8-20EBFEDD807B}.Debug|x64.ActiveCfg = Debug|x64
		{DB240161-78E9-4804-96D8-20EBFEDD807B}.Debug|x64.Build.0 = Debug|x64
		{DB240161-78E9-4804-96D8-20EBFEDD807B}.Release|Win32.ActiveCfg = Release|Win32
		{DB240161-78E9-4804-96D8-20EBFEDD807B}.Release|Win32.Build.0 = Release|Win32
		{DB240161-78E9-4804-96D8-20EBFEDD807B}.Release|x64.ActiveCfg = Release|x64
		{DB240161-78E9-4804-96D8-20EBFEDD807B}.Release|x64.Build.0 = Release|x64
	EndGlobalSection
	GlobalSection(SolutionProperties) = preSolution
		HideSolutionNode = FALSE
	EndGlobalSection
	GlobalSection(ExtensibilityGlobals) = postSolution
		SolutionGuid = {51154BD5-D82B-411E-BCF7-CFBD82D465DA}
	EndGlobalSection
EndGlobal
